
Microsoft Visual Studio Solution File, Format Version 12.00
# Visual Studio Version 17
VisualStudioVersion = 17.1.32328.378
MinimumVisualStudioVersion = 10.0.40219.1
Project("{9A19103F-16F7-4668-BE54-9A1E7A4F7556}") = "Alura.Generics.CSharp", "Alura.Generics.CSharp.csproj", "{BF5D9128-AA7A-4D8C-84BD-0CEE8DE094E3}"
EndProject
Global
	GlobalSection(SolutionConfigurationPlatforms) = preSolution
		Debug|Any CPU = Debug|Any CPU
		Release|Any CPU = Release|Any CPU
	EndGlobalSection
	GlobalSection(ProjectConfigurationPlatforms) = postSolution
		{BF5D9128-AA7A-4D8C-84BD-0CEE8DE094E3}.Debug|Any CPU.ActiveCfg = Debug|Any CPU
		{BF5D9128-AA7A-4D8C-84BD-0CEE8DE094E3}.Debug|Any CPU.Build.0 = Debug|Any CPU
		{BF5D9128-AA7A-4D8C-84BD-0CEE8DE094E3}.Release|Any CPU.ActiveCfg = Release|Any CPU
		{BF5D9128-AA7A-4D8C-84BD-0CEE8DE094E3}.Release|Any CPU.Build.0 = Release|Any CPU
	EndGlobalSection
	GlobalSection(SolutionProperties) = preSolution
		HideSolutionNode = FALSE
	EndGlobalSection
	GlobalSection(ExtensibilityGlobals) = postSolution
		SolutionGuid = {57CA7D0D-14B2-4D54-8310-EFAD88951FBB}
	EndGlobalSection
EndGlobal
